
Microsoft Visual Studio Solution File, Format Version 12.00
# Visual Studio Version 17
VisualStudioVersion = 17.3.32811.315
MinimumVisualStudioVersion = 10.0.40219.1
Project("{FAE04EC0-301F-11D3-BF4B-00C04F79EFBC}") = "övningsuppgifter random", "övningsuppgifter random\övningsuppgifter random.csproj", "{49AD1DA9-0D78-48AE-9647-12CC6CA0A82D}"
EndProject
Global
	GlobalSection(SolutionConfigurationPlatforms) = preSolution
		Debug|Any CPU = Debug|Any CPU
		Release|Any CPU = Release|Any CPU
	EndGlobalSection
	GlobalSection(ProjectConfigurationPlatforms) = postSolution
		{49AD1DA9-0D78-48AE-9647-12CC6CA0A82D}.Debug|Any CPU.ActiveCfg = Debug|Any CPU
		{49AD1DA9-0D78-48AE-9647-12CC6CA0A82D}.Debug|Any CPU.Build.0 = Debug|Any CPU
		{49AD1DA9-0D78-48AE-9647-12CC6CA0A82D}.Release|Any CPU.ActiveCfg = Release|Any CPU
		{49AD1DA9-0D78-48AE-9647-12CC6CA0A82D}.Release|Any CPU.Build.0 = Release|Any CPU
	EndGlobalSection
	GlobalSection(SolutionProperties) = preSolution
		HideSolutionNode = FALSE
	EndGlobalSection
	GlobalSection(ExtensibilityGlobals) = postSolution
		SolutionGuid = {A4889213-3466-4A71-97ED-0EFC7CEAD884}
	EndGlobalSection
EndGlobal
